
Microsoft Visual Studio Solution File, Format Version 12.00
# Visual Studio Version 17
VisualStudioVersion = 17.0.31903.59
MinimumVisualStudioVersion = 10.0.40219.1
Project("{FAE04EC0-301F-11D3-BF4B-00C04F79EFBC}") = "API", "API\API.csproj", "{DE4FEDA8-0C2D-471C-9CB6-6DB9C65949A5}"
EndProject
Project("{FAE04EC0-301F-11D3-BF4B-00C04F79EFBC}") = "Domain", "Domain\Domain.csproj", "{AD8BA722-EA80-403A-94CC-FDDDD70606E9}"
EndProject
Project("{FAE04EC0-301F-11D3-BF4B-00C04F79EFBC}") = "Persistence", "Persistence\Persistence.csproj", "{3DE65256-B61D-47C0-9F4B-E486AEC431E9}"
EndProject
Project("{FAE04EC0-301F-11D3-BF4B-00C04F79EFBC}") = "Application", "Application\Application.csproj", "{9926672F-81BB-4657-8AFD-519C61862EC9}"
EndProject
Global
	GlobalSection(SolutionConfigurationPlatforms) = preSolution
		Debug|Any CPU = Debug|Any CPU
		Release|Any CPU = Release|Any CPU
	EndGlobalSection
	GlobalSection(SolutionProperties) = preSolution
		HideSolutionNode = FALSE
	EndGlobalSection
	GlobalSection(ProjectConfigurationPlatforms) = postSolution
		{DE4FEDA8-0C2D-471C-9CB6-6DB9C65949A5}.Debug|Any CPU.ActiveCfg = Debug|Any CPU
		{DE4FEDA8-0C2D-471C-9CB6-6DB9C65949A5}.Debug|Any CPU.Build.0 = Debug|Any CPU
		{DE4FEDA8-0C2D-471C-9CB6-6DB9C65949A5}.Release|Any CPU.ActiveCfg = Release|Any CPU
		{DE4FEDA8-0C2D-471C-9CB6-6DB9C65949A5}.Release|Any CPU.Build.0 = Release|Any CPU
		{AD8BA722-EA80-403A-94CC-FDDDD70606E9}.Debug|Any CPU.ActiveCfg = Debug|Any CPU
		{AD8BA722-EA80-403A-94CC-FDDDD70606E9}.Debug|Any CPU.Build.0 = Debug|Any CPU
		{AD8BA722-EA80-403A-94CC-FDDDD70606E9}.Release|Any CPU.ActiveCfg = Release|Any CPU
		{AD8BA722-EA80-403A-94CC-FDDDD70606E9}.Release|Any CPU.Build.0 = Release|Any CPU
		{3DE65256-B61D-47C0-9F4B-E486AEC431E9}.Debug|Any CPU.ActiveCfg = Debug|Any CPU
		{3DE65256-B61D-47C0-9F4B-E486AEC431E9}.Debug|Any CPU.Build.0 = Debug|Any CPU
		{3DE65256-B61D-47C0-9F4B-E486AEC431E9}.Release|Any CPU.ActiveCfg = Release|Any CPU
		{3DE65256-B61D-47C0-9F4B-E486AEC431E9}.Release|Any CPU.Build.0 = Release|Any CPU
		{9926672F-81BB-4657-8AFD-519C61862EC9}.Debug|Any CPU.ActiveCfg = Debug|Any CPU
		{9926672F-81BB-4657-8AFD-519C61862EC9}.Debug|Any CPU.Build.0 = Debug|Any CPU
		{9926672F-81BB-4657-8AFD-519C61862EC9}.Release|Any CPU.ActiveCfg = Release|Any CPU
		{9926672F-81BB-4657-8AFD-519C61862EC9}.Release|Any CPU.Build.0 = Release|Any CPU
	EndGlobalSection
EndGlobal
